
Microsoft Visual Studio Solution File, Format Version 11.00
# Visual Studio 2010
Project("{FAE04EC0-301F-11D3-BF4B-00C04F79EFBC}") = "D02", "Assembly-CSharp.csproj", "{53CCE573-838D-F5DB-6CD0-818D05CE3CB6}"
EndProject
Project("{FAE04EC0-301F-11D3-BF4B-00C04F79EFBC}") = "D02", "Assembly-CSharp-Editor.csproj", "{F7299A1A-71B7-D6A1-8713-0FFBDE26639D}"
EndProject
Global
	GlobalSection(SolutionConfigurationPlatforms) = preSolution
		Debug|Any CPU = Debug|Any CPU
		Release|Any CPU = Release|Any CPU
	EndGlobalSection
	GlobalSection(ProjectConfigurationPlatforms) = postSolution
		{53CCE573-838D-F5DB-6CD0-818D05CE3CB6}.Debug|Any CPU.ActiveCfg = Debug|Any CPU
		{53CCE573-838D-F5DB-6CD0-818D05CE3CB6}.Debug|Any CPU.Build.0 = Debug|Any CPU
		{53CCE573-838D-F5DB-6CD0-818D05CE3CB6}.Release|Any CPU.ActiveCfg = Release|Any CPU
		{53CCE573-838D-F5DB-6CD0-818D05CE3CB6}.Release|Any CPU.Build.0 = Release|Any CPU
		{F7299A1A-71B7-D6A1-8713-0FFBDE26639D}.Debug|Any CPU.ActiveCfg = Debug|Any CPU
		{F7299A1A-71B7-D6A1-8713-0FFBDE26639D}.Debug|Any CPU.Build.0 = Debug|Any CPU
		{F7299A1A-71B7-D6A1-8713-0FFBDE26639D}.Release|Any CPU.ActiveCfg = Release|Any CPU
		{F7299A1A-71B7-D6A1-8713-0FFBDE26639D}.Release|Any CPU.Build.0 = Release|Any CPU
	EndGlobalSection
	GlobalSection(SolutionProperties) = preSolution
		HideSolutionNode = FALSE
	EndGlobalSection
	GlobalSection(MonoDevelopProperties) = preSolution
		StartupItem = Assembly-CSharp.csproj
	EndGlobalSection
EndGlobal
